// !$*UTF8*$!
{
	archiveVersion = 1;
	classes = {
	};
	objectVersion = 51;
	objects = {

/* Begin PBXBuildFile section */
		BE6DE0FFC9D942B361607136 /* Pods_movieEnjoy.framework in Frameworks */ = {isa = PBXBuildFile; fileRef = 0E607860CBABD7E432928CAE /* Pods_movieEnjoy.framework */; };
		F7404BF724C724C400A6A5A1 /* TextFieldOption.swift in Sources */ = {isa = PBXBuildFile; fileRef = F7404BF624C724C400A6A5A1 /* TextFieldOption.swift */; };
		F7B546F124C48CDC00A3909A /* GoogleService-Info.plist in Resources */ = {isa = PBXBuildFile; fileRef = F7B546F024C48CDC00A3909A /* GoogleService-Info.plist */; };
		F7B546F324C48EFD00A3909A /* SignInVC.swift in Sources */ = {isa = PBXBuildFile; fileRef = F7B546F224C48EFD00A3909A /* SignInVC.swift */; };
		F7B546F524C48F0D00A3909A /* SignUpVC.swift in Sources */ = {isa = PBXBuildFile; fileRef = F7B546F424C48F0D00A3909A /* SignUpVC.swift */; };
		F7B546F724C696A000A3909A /* AlertService.swift in Sources */ = {isa = PBXBuildFile; fileRef = F7B546F624C696A000A3909A /* AlertService.swift */; };
		F7B546FA24C698BB00A3909A /* MainVC.swift in Sources */ = {isa = PBXBuildFile; fileRef = F7B546F924C698BB00A3909A /* MainVC.swift */; };
		F7B546FC24C698F000A3909A /* LoggedMain.storyboard in Resources */ = {isa = PBXBuildFile; fileRef = F7B546FB24C698F000A3909A /* LoggedMain.storyboard */; };
		F7B6F31924C1E108009F1F2C /* AppDelegate.swift in Sources */ = {isa = PBXBuildFile; fileRef = F7B6F31824C1E108009F1F2C /* AppDelegate.swift */; };
		F7B6F31B24C1E108009F1F2C /* SceneDelegate.swift in Sources */ = {isa = PBXBuildFile; fileRef = F7B6F31A24C1E108009F1F2C /* SceneDelegate.swift */; };
		F7B6F31D24C1E108009F1F2C /* ViewController.swift in Sources */ = {isa = PBXBuildFile; fileRef = F7B6F31C24C1E108009F1F2C /* ViewController.swift */; };
		F7B6F32024C1E108009F1F2C /* Main.storyboard in Resources */ = {isa = PBXBuildFile; fileRef = F7B6F31E24C1E108009F1F2C /* Main.storyboard */; };
		F7B6F32324C1E108009F1F2C /* movieEnjoy.xcdatamodeld in Sources */ = {isa = PBXBuildFile; fileRef = F7B6F32124C1E108009F1F2C /* movieEnjoy.xcdatamodeld */; };
		F7B6F32524C1E10A009F1F2C /* Assets.xcassets in Resources */ = {isa = PBXBuildFile; fileRef = F7B6F32424C1E10A009F1F2C /* Assets.xcassets */; };
		F7B6F32824C1E10A009F1F2C /* LaunchScreen.storyboard in Resources */ = {isa = PBXBuildFile; fileRef = F7B6F32624C1E10A009F1F2C /* LaunchScreen.storyboard */; };
		F7B6F33824C1E502009F1F2C /* GradientView.swift in Sources */ = {isa = PBXBuildFile; fileRef = F7B6F33724C1E502009F1F2C /* GradientView.swift */; };
		F7B6F33A24C1E6B8009F1F2C /* StartVC.swift in Sources */ = {isa = PBXBuildFile; fileRef = F7B6F33924C1E6B8009F1F2C /* StartVC.swift */; };
/* End PBXBuildFile section */

/* Begin PBXFileReference section */
		0E607860CBABD7E432928CAE /* Pods_movieEnjoy.framework */ = {isa = PBXFileReference; explicitFileType = wrapper.framework; includeInIndex = 0; path = Pods_movieEnjoy.framework; sourceTree = BUILT_PRODUCTS_DIR; };
		29FF02BDB21576A82C053652 /* Pods-movieEnjoy.debug.xcconfig */ = {isa = PBXFileReference; includeInIndex = 1; lastKnownFileType = text.xcconfig; name = "Pods-movieEnjoy.debug.xcconfig"; path = "Target Support Files/Pods-movieEnjoy/Pods-movieEnjoy.debug.xcconfig"; sourceTree = "<group>"; };
		2FB145BBD045ABF7958EB9ED /* Pods-movieEnjoy.release.xcconfig */ = {isa = PBXFileReference; includeInIndex = 1; lastKnownFileType = text.xcconfig; name = "Pods-movieEnjoy.release.xcconfig"; path = "Target Support Files/Pods-movieEnjoy/Pods-movieEnjoy.release.xcconfig"; sourceTree = "<group>"; };
		F7404BF624C724C400A6A5A1 /* TextFieldOption.swift */ = {isa = PBXFileReference; lastKnownFileType = sourcecode.swift; path = TextFieldOption.swift; sourceTree = "<group>"; };
		F7B546F024C48CDC00A3909A /* GoogleService-Info.plist */ = {isa = PBXFileReference; fileEncoding = 4; lastKnownFileType = text.plist.xml; path = "GoogleService-Info.plist"; sourceTree = "<group>"; };
		F7B546F224C48EFD00A3909A /* SignInVC.swift */ = {isa = PBXFileReference; lastKnownFileType = sourcecode.swift; path = SignInVC.swift; sourceTree = "<group>"; };
		F7B546F424C48F0D00A3909A /* SignUpVC.swift */ = {isa = PBXFileReference; lastKnownFileType = sourcecode.swift; path = SignUpVC.swift; sourceTree = "<group>"; };
		F7B546F624C696A000A3909A /* AlertService.swift */ = {isa = PBXFileReference; lastKnownFileType = sourcecode.swift; path = AlertService.swift; sourceTree = "<group>"; };
		F7B546F924C698BB00A3909A /* MainVC.swift */ = {isa = PBXFileReference; lastKnownFileType = sourcecode.swift; path = MainVC.swift; sourceTree = "<group>"; };
		F7B546FB24C698F000A3909A /* LoggedMain.storyboard */ = {isa = PBXFileReference; lastKnownFileType = file.storyboard; path = LoggedMain.storyboard; sourceTree = "<group>"; };
		F7B6F31524C1E108009F1F2C /* movieEnjoy.app */ = {isa = PBXFileReference; explicitFileType = wrapper.application; includeInIndex = 0; path = movieEnjoy.app; sourceTree = BUILT_PRODUCTS_DIR; };
		F7B6F31824C1E108009F1F2C /* AppDelegate.swift */ = {isa = PBXFileReference; lastKnownFileType = sourcecode.swift; path = AppDelegate.swift; sourceTree = "<group>"; };
		F7B6F31A24C1E108009F1F2C /* SceneDelegate.swift */ = {isa = PBXFileReference; lastKnownFileType = sourcecode.swift; path = SceneDelegate.swift; sourceTree = "<group>"; };
		F7B6F31C24C1E108009F1F2C /* ViewController.swift */ = {isa = PBXFileReference; lastKnownFileType = sourcecode.swift; path = ViewController.swift; sourceTree = "<group>"; };
		F7B6F31F24C1E108009F1F2C /* Base */ = {isa = PBXFileReference; lastKnownFileType = file.storyboard; name = Base; path = Base.lproj/Main.storyboard; sourceTree = "<group>"; };
		F7B6F32224C1E108009F1F2C /* movieEnjoy.xcdatamodel */ = {isa = PBXFileReference; lastKnownFileType = wrapper.xcdatamodel; path = movieEnjoy.xcdatamodel; sourceTree = "<group>"; };
		F7B6F32424C1E10A009F1F2C /* Assets.xcassets */ = {isa = PBXFileReference; lastKnownFileType = folder.assetcatalog; path = Assets.xcassets; sourceTree = "<group>"; };
		F7B6F32724C1E10A009F1F2C /* Base */ = {isa = PBXFileReference; lastKnownFileType = file.storyboard; name = Base; path = Base.lproj/LaunchScreen.storyboard; sourceTree = "<group>"; };
		F7B6F32924C1E10A009F1F2C /* Info.plist */ = {isa = PBXFileReference; lastKnownFileType = text.plist.xml; path = Info.plist; sourceTree = "<group>"; };
		F7B6F33724C1E502009F1F2C /* GradientView.swift */ = {isa = PBXFileReference; lastKnownFileType = sourcecode.swift; path = GradientView.swift; sourceTree = "<group>"; };
		F7B6F33924C1E6B8009F1F2C /* StartVC.swift */ = {isa = PBXFileReference; lastKnownFileType = sourcecode.swift; path = StartVC.swift; sourceTree = "<group>"; };
/* End PBXFileReference section */

/* Begin PBXFrameworksBuildPhase section */
		F7B6F31224C1E108009F1F2C /* Frameworks */ = {
			isa = PBXFrameworksBuildPhase;
			buildActionMask = 2147483647;
			files = (
				BE6DE0FFC9D942B361607136 /* Pods_movieEnjoy.framework in Frameworks */,
			);
			runOnlyForDeploymentPostprocessing = 0;
		};
/* End PBXFrameworksBuildPhase section */

/* Begin PBXGroup section */
		80E23DCA48BCEB37F42CBB5E /* Pods */ = {
			isa = PBXGroup;
			children = (
				29FF02BDB21576A82C053652 /* Pods-movieEnjoy.debug.xcconfig */,
				2FB145BBD045ABF7958EB9ED /* Pods-movieEnjoy.release.xcconfig */,
			);
			path = Pods;
			sourceTree = "<group>";
		};
		D49C924491E117C0D1CBAF54 /* Frameworks */ = {
			isa = PBXGroup;
			children = (
				0E607860CBABD7E432928CAE /* Pods_movieEnjoy.framework */,
			);
			name = Frameworks;
			sourceTree = "<group>";
		};
		F7B546F824C698AB00A3909A /* MainView */ = {
			isa = PBXGroup;
			children = (
				F7B546FB24C698F000A3909A /* LoggedMain.storyboard */,
				F7B546F924C698BB00A3909A /* MainVC.swift */,
			);
			path = MainView;
			sourceTree = "<group>";
		};
		F7B6F30C24C1E108009F1F2C = {
			isa = PBXGroup;
			children = (
				F7B6F31724C1E108009F1F2C /* movieEnjoy */,
				F7B6F31624C1E108009F1F2C /* Products */,
				80E23DCA48BCEB37F42CBB5E /* Pods */,
				D49C924491E117C0D1CBAF54 /* Frameworks */,
			);
			sourceTree = "<group>";
		};
		F7B6F31624C1E108009F1F2C /* Products */ = {
			isa = PBXGroup;
			children = (
				F7B6F31524C1E108009F1F2C /* movieEnjoy.app */,
			);
			name = Products;
			sourceTree = "<group>";
		};
		F7B6F31724C1E108009F1F2C /* movieEnjoy */ = {
			isa = PBXGroup;
			children = (
				F7B6F31824C1E108009F1F2C /* AppDelegate.swift */,
				F7B6F33624C1E4F4009F1F2C /* Extension */,
				F7B6F31A24C1E108009F1F2C /* SceneDelegate.swift */,
				F7B546F624C696A000A3909A /* AlertService.swift */,
				F7404BF624C724C400A6A5A1 /* TextFieldOption.swift */,
				F7B6F32F24C1E1A7009F1F2C /* StartingView */,
				F7B6F32424C1E10A009F1F2C /* Assets.xcassets */,
				F7B6F32924C1E10A009F1F2C /* Info.plist */,
				F7B546F824C698AB00A3909A /* MainView */,
				F7B6F32124C1E108009F1F2C /* movieEnjoy.xcdatamodeld */,
				F7B546F024C48CDC00A3909A /* GoogleService-Info.plist */,
			);
			path = movieEnjoy;
			sourceTree = "<group>";
		};
		F7B6F32F24C1E1A7009F1F2C /* StartingView */ = {
			isa = PBXGroup;
			children = (
				F7B6F31E24C1E108009F1F2C /* Main.storyboard */,
				F7B6F31C24C1E108009F1F2C /* ViewController.swift */,
				F7B6F33924C1E6B8009F1F2C /* StartVC.swift */,
				F7B546F224C48EFD00A3909A /* SignInVC.swift */,
				F7B546F424C48F0D00A3909A /* SignUpVC.swift */,
				F7B6F32624C1E10A009F1F2C /* LaunchScreen.storyboard */,
			);
			path = StartingView;
			sourceTree = "<group>";
		};
		F7B6F33624C1E4F4009F1F2C /* Extension */ = {
			isa = PBXGroup;
			children = (
				F7B6F33724C1E502009F1F2C /* GradientView.swift */,
			);
			path = Extension;
			sourceTree = "<group>";
		};
/* End PBXGroup section */

/* Begin PBXNativeTarget section */
		F7B6F31424C1E108009F1F2C /* movieEnjoy */ = {
			isa = PBXNativeTarget;
			buildConfigurationList = F7B6F32C24C1E10A009F1F2C /* Build configuration list for PBXNativeTarget "movieEnjoy" */;
			buildPhases = (
				1CED621A31352B00D47E1CF0 /* [CP] Check Pods Manifest.lock */,
				F7B6F31124C1E108009F1F2C /* Sources */,
				F7B6F31224C1E108009F1F2C /* Frameworks */,
				F7B6F31324C1E108009F1F2C /* Resources */,
				8B70AE32A46ED99A41B9E592 /* [CP] Embed Pods Frameworks */,
			);
			buildRules = (
			);
			dependencies = (
			);
			name = movieEnjoy;
			productName = movieEnjoy;
			productReference = F7B6F31524C1E108009F1F2C /* movieEnjoy.app */;
			productType = "com.apple.product-type.application";
		};
/* End PBXNativeTarget section */

/* Begin PBXProject section */
		F7B6F30D24C1E108009F1F2C /* Project object */ = {
			isa = PBXProject;
			attributes = {
				LastSwiftUpdateCheck = 1160;
				LastUpgradeCheck = 1160;
				ORGANIZATIONNAME = AmazingHajin;
				TargetAttributes = {
					F7B6F31424C1E108009F1F2C = {
						CreatedOnToolsVersion = 11.6;
					};
				};
			};
			buildConfigurationList = F7B6F31024C1E108009F1F2C /* Build configuration list for PBXProject "movieEnjoy" */;
			compatibilityVersion = "Xcode 9.3";
			developmentRegion = en;
			hasScannedForEncodings = 0;
			knownRegions = (
				en,
				Base,
			);
			mainGroup = F7B6F30C24C1E108009F1F2C;
			productRefGroup = F7B6F31624C1E108009F1F2C /* Products */;
			projectDirPath = "";
			projectRoot = "";
			targets = (
				F7B6F31424C1E108009F1F2C /* movieEnjoy */,
			);
		};
/* End PBXProject section */

/* Begin PBXResourcesBuildPhase section */
		F7B6F31324C1E108009F1F2C /* Resources */ = {
			isa = PBXResourcesBuildPhase;
			buildActionMask = 2147483647;
			files = (
				F7B546F124C48CDC00A3909A /* GoogleService-Info.plist in Resources */,
				F7B6F32824C1E10A009F1F2C /* LaunchScreen.storyboard in Resources */,
				F7B546FC24C698F000A3909A /* LoggedMain.storyboard in Resources */,
				F7B6F32524C1E10A009F1F2C /* Assets.xcassets in Resources */,
				F7B6F32024C1E108009F1F2C /* Main.storyboard in Resources */,
			);
			runOnlyForDeploymentPostprocessing = 0;
		};
/* End PBXResourcesBuildPhase section */

/* Begin PBXShellScriptBuildPhase section */
		1CED621A31352B00D47E1CF0 /* [CP] Check Pods Manifest.lock */ = {
			isa = PBXShellScriptBuildPhase;
			buildActionMask = 2147483647;
			files = (
			);
			inputFileListPaths = (
			);
			inputPaths = (
				"${PODS_PODFILE_DIR_PATH}/Podfile.lock",
				"${PODS_ROOT}/Manifest.lock",
			);
			name = "[CP] Check Pods Manifest.lock";
			outputFileListPaths = (
			);
			outputPaths = (
				"$(DERIVED_FILE_DIR)/Pods-movieEnjoy-checkManifestLockResult.txt",
			);
			runOnlyForDeploymentPostprocessing = 0;
			shellPath = /bin/sh;
			shellScript = "diff \"${PODS_PODFILE_DIR_PATH}/Podfile.lock\" \"${PODS_ROOT}/Manifest.lock\" > /dev/null\nif [ $? != 0 ] ; then\n    # print error to STDERR\n    echo \"error: The sandbox is not in sync with the Podfile.lock. Run 'pod install' or update your CocoaPods installation.\" >&2\n    exit 1\nfi\n# This output is used by Xcode 'outputs' to avoid re-running this script phase.\necho \"SUCCESS\" > \"${SCRIPT_OUTPUT_FILE_0}\"\n";
			showEnvVarsInLog = 0;
		};
		8B70AE32A46ED99A41B9E592 /* [CP] Embed Pods Frameworks */ = {
			isa = PBXShellScriptBuildPhase;
			buildActionMask = 2147483647;
			files = (
			);
			inputFileListPaths = (
				"${PODS_ROOT}/Target Support Files/Pods-movieEnjoy/Pods-movieEnjoy-frameworks-${CONFIGURATION}-input-files.xcfilelist",
			);
			name = "[CP] Embed Pods Frameworks";
			outputFileListPaths = (
				"${PODS_ROOT}/Target Support Files/Pods-movieEnjoy/Pods-movieEnjoy-frameworks-${CONFIGURATION}-output-files.xcfilelist",
			);
			runOnlyForDeploymentPostprocessing = 0;
			shellPath = /bin/sh;
			shellScript = "\"${PODS_ROOT}/Target Support Files/Pods-movieEnjoy/Pods-movieEnjoy-frameworks.sh\"\n";
			showEnvVarsInLog = 0;
		};
/* End PBXShellScriptBuildPhase section */

/* Begin PBXSourcesBuildPhase section */
		F7B6F31124C1E108009F1F2C /* Sources */ = {
			isa = PBXSourcesBuildPhase;
			buildActionMask = 2147483647;
			files = (
				F7B546F524C48F0D00A3909A /* SignUpVC.swift in Sources */,
				F7B546FA24C698BB00A3909A /* MainVC.swift in Sources */,
				F7B6F33824C1E502009F1F2C /* GradientView.swift in Sources */,
				F7404BF724C724C400A6A5A1 /* TextFieldOption.swift in Sources */,
				F7B6F32324C1E108009F1F2C /* movieEnjoy.xcdatamodeld in Sources */,
				F7B6F31D24C1E108009F1F2C /* ViewController.swift in Sources */,
				F7B6F31924C1E108009F1F2C /* AppDelegate.swift in Sources */,
				F7B546F324C48EFD00A3909A /* SignInVC.swift in Sources */,
				F7B6F31B24C1E108009F1F2C /* SceneDelegate.swift in Sources */,
				F7B546F724C696A000A3909A /* AlertService.swift in Sources */,
				F7B6F33A24C1E6B8009F1F2C /* StartVC.swift in Sources */,
			);
			runOnlyForDeploymentPostprocessing = 0;
		};
/* End PBXSourcesBuildPhase section */

/* Begin PBXVariantGroup section */
		F7B6F31E24C1E108009F1F2C /* Main.storyboard */ = {
			isa = PBXVariantGroup;
			children = (
				F7B6F31F24C1E108009F1F2C /* Base */,
			);
			name = Main.storyboard;
			sourceTree = "<group>";
		};
		F7B6F32624C1E10A009F1F2C /* LaunchScreen.storyboard */ = {
			isa = PBXVariantGroup;
			children = (
				F7B6F32724C1E10A009F1F2C /* Base */,
			);
			name = LaunchScreen.storyboard;
			sourceTree = "<group>";
		};
/* End PBXVariantGroup section */

/* Begin XCBuildConfiguration section */
		F7B6F32A24C1E10A009F1F2C /* Debug */ = {
			isa = XCBuildConfiguration;
			buildSettings = {
				ALWAYS_SEARCH_USER_PATHS = NO;
				CLANG_ANALYZER_NONNULL = YES;
				CLANG_ANALYZER_NUMBER_OBJECT_CONVERSION = YES_AGGRESSIVE;
				CLANG_CXX_LANGUAGE_STANDARD = "gnu++14";
				CLANG_CXX_LIBRARY = "libc++";
				CLANG_ENABLE_MODULES = YES;
				CLANG_ENABLE_OBJC_ARC = YES;
				CLANG_ENABLE_OBJC_WEAK = YES;
				CLANG_WARN_BLOCK_CAPTURE_AUTORELEASING = YES;
				CLANG_WARN_BOOL_CONVERSION = YES;
				CLANG_WARN_COMMA = YES;
				CLANG_WARN_CONSTANT_CONVERSION = YES;
				CLANG_WARN_DEPRECATED_OBJC_IMPLEMENTATIONS = YES;
				CLANG_WARN_DIRECT_OBJC_ISA_USAGE = YES_ERROR;
				CLANG_WARN_DOCUMENTATION_COMMENTS = YES;
				CLANG_WARN_EMPTY_BODY = YES;
				CLANG_WARN_ENUM_CONVERSION = YES;
				CLANG_WARN_INFINITE_RECURSION = YES;
				CLANG_WARN_INT_CONVERSION = YES;
				CLANG_WARN_NON_LITERAL_NULL_CONVERSION = YES;
				CLANG_WARN_OBJC_IMPLICIT_RETAIN_SELF = YES;
				CLANG_WARN_OBJC_LITERAL_CONVERSION = YES;
				CLANG_WARN_OBJC_ROOT_CLASS = YES_ERROR;
				CLANG_WARN_RANGE_LOOP_ANALYSIS = YES;
				CLANG_WARN_STRICT_PROTOTYPES = YES;
				CLANG_WARN_SUSPICIOUS_MOVE = YES;
				CLANG_WARN_UNGUARDED_AVAILABILITY = YES_AGGRESSIVE;
				CLANG_WARN_UNREACHABLE_CODE = YES;
				CLANG_WARN__DUPLICATE_METHOD_MATCH = YES;
				COPY_PHASE_STRIP = NO;
				DEBUG_INFORMATION_FORMAT = dwarf;
				ENABLE_STRICT_OBJC_MSGSEND = YES;
				ENABLE_TESTABILITY = YES;
				GCC_C_LANGUAGE_STANDARD = gnu11;
				GCC_DYNAMIC_NO_PIC = NO;
				GCC_NO_COMMON_BLOCKS = YES;
				GCC_OPTIMIZATION_LEVEL = 0;
				GCC_PREPROCESSOR_DEFINITIONS = (
					"DEBUG=1",
					"$(inherited)",
				);
				GCC_WARN_64_TO_32_BIT_CONVERSION = YES;
				GCC_WARN_ABOUT_RETURN_TYPE = YES_ERROR;
				GCC_WARN_UNDECLARED_SELECTOR = YES;
				GCC_WARN_UNINITIALIZED_AUTOS = YES_AGGRESSIVE;
				GCC_WARN_UNUSED_FUNCTION = YES;
				GCC_WARN_UNUSED_VARIABLE = YES;
				IPHONEOS_DEPLOYMENT_TARGET = 13.6;
				MTL_ENABLE_DEBUG_INFO = INCLUDE_SOURCE;
				MTL_FAST_MATH = YES;
				ONLY_ACTIVE_ARCH = YES;
				SDKROOT = iphoneos;
				SWIFT_ACTIVE_COMPILATION_CONDITIONS = DEBUG;
				SWIFT_OPTIMIZATION_LEVEL = "-Onone";
			};
			name = Debug;
		};
		F7B6F32B24C1E10A009F1F2C /* Release */ = {
			isa = XCBuildConfiguration;
			buildSettings = {
				ALWAYS_SEARCH_USER_PATHS = NO;
				CLANG_ANALYZER_NONNULL = YES;
				CLANG_ANALYZER_NUMBER_OBJECT_CONVERSION = YES_AGGRESSIVE;
				CLANG_CXX_LANGUAGE_STANDARD = "gnu++14";
				CLANG_CXX_LIBRARY = "libc++";
				CLANG_ENABLE_MODULES = YES;
				CLANG_ENABLE_OBJC_ARC = YES;
				CLANG_ENABLE_OBJC_WEAK = YES;
				CLANG_WARN_BLOCK_CAPTURE_AUTORELEASING = YES;
				CLANG_WARN_BOOL_CONVERSION = YES;
				CLANG_WARN_COMMA = YES;
				CLANG_WARN_CONSTANT_CONVERSION = YES;
				CLANG_WARN_DEPRECATED_OBJC_IMPLEMENTATIONS = YES;
				CLANG_WARN_DIRECT_OBJC_ISA_USAGE = YES_ERROR;
				CLANG_WARN_DOCUMENTATION_COMMENTS = YES;
				CLANG_WARN_EMPTY_BODY = YES;
				CLANG_WARN_ENUM_CONVERSION = YES;
				CLANG_WARN_INFINITE_RECURSION = YES;
				CLANG_WARN_INT_CONVERSION = YES;
				CLANG_WARN_NON_LITERAL_NULL_CONVERSION = YES;
				CLANG_WARN_OBJC_IMPLICIT_RETAIN_SELF = YES;
				CLANG_WARN_OBJC_LITERAL_CONVERSION = YES;
				CLANG_WARN_OBJC_ROOT_CLASS = YES_ERROR;
				CLANG_WARN_RANGE_LOOP_ANALYSIS = YES;
				CLANG_WARN_STRICT_PROTOTYPES = YES;
				CLANG_WARN_SUSPICIOUS_MOVE = YES;
				CLANG_WARN_UNGUARDED_AVAILABILITY = YES_AGGRESSIVE;
				CLANG_WARN_UNREACHABLE_CODE = YES;
				CLANG_WARN__DUPLICATE_METHOD_MATCH = YES;
				COPY_PHASE_STRIP = NO;
				DEBUG_INFORMATION_FORMAT = "dwarf-with-dsym";
				ENABLE_NS_ASSERTIONS = NO;
				ENABLE_STRICT_OBJC_MSGSEND = YES;
				GCC_C_LANGUAGE_STANDARD = gnu11;
				GCC_NO_COMMON_BLOCKS = YES;
				GCC_WARN_64_TO_32_BIT_CONVERSION = YES;
				GCC_WARN_ABOUT_RETURN_TYPE = YES_ERROR;
				GCC_WARN_UNDECLARED_SELECTOR = YES;
				GCC_WARN_UNINITIALIZED_AUTOS = YES_AGGRESSIVE;
				GCC_WARN_UNUSED_FUNCTION = YES;
				GCC_WARN_UNUSED_VARIABLE = YES;
				IPHONEOS_DEPLOYMENT_TARGET = 13.6;
				MTL_ENABLE_DEBUG_INFO = NO;
				MTL_FAST_MATH = YES;
				SDKROOT = iphoneos;
				SWIFT_COMPILATION_MODE = wholemodule;
				SWIFT_OPTIMIZATION_LEVEL = "-O";
				VALIDATE_PRODUCT = YES;
			};
			name = Release;
		};
		F7B6F32D24C1E10A009F1F2C /* Debug */ = {
			isa = XCBuildConfiguration;
			baseConfigurationReference = 29FF02BDB21576A82C053652 /* Pods-movieEnjoy.debug.xcconfig */;
			buildSettings = {
				ASSETCATALOG_COMPILER_APPICON_NAME = AppIcon;
				CODE_SIGN_STYLE = Automatic;
				DEVELOPMENT_TEAM = 6YFH7CRNYV;
				INFOPLIST_FILE = movieEnjoy/Info.plist;
				LD_RUNPATH_SEARCH_PATHS = (
					"$(inherited)",
					"@executable_path/Frameworks",
				);
				PRODUCT_BUNDLE_IDENTIFIER = com.likeUrator.movieEnjoy;
				PRODUCT_NAME = "$(TARGET_NAME)";
				SWIFT_VERSION = 5.0;
				TARGETED_DEVICE_FAMILY = "1,2";
			};
			name = Debug;
		};
		F7B6F32E24C1E10A009F1F2C /* Release */ = {
			isa = XCBuildConfiguration;
			baseConfigurationReference = 2FB145BBD045ABF7958EB9ED /* Pods-movieEnjoy.release.xcconfig */;
			buildSettings = {
				ASSETCATALOG_COMPILER_APPICON_NAME = AppIcon;
				CODE_SIGN_STYLE = Automatic;
				DEVELOPMENT_TEAM = 6YFH7CRNYV;
				INFOPLIST_FILE = movieEnjoy/Info.plist;
				LD_RUNPATH_SEARCH_PATHS = (
					"$(inherited)",
					"@executable_path/Frameworks",
				);
				PRODUCT_BUNDLE_IDENTIFIER = com.likeUrator.movieEnjoy;
				PRODUCT_NAME = "$(TARGET_NAME)";
				SWIFT_VERSION = 5.0;
				TARGETED_DEVICE_FAMILY = "1,2";
			};
			name = Release;
		};
/* End XCBuildConfiguration section */

/* Begin XCConfigurationList section */
		F7B6F31024C1E108009F1F2C /* Build configuration list for PBXProject "movieEnjoy" */ = {
			isa = XCConfigurationList;
			buildConfigurations = (
				F7B6F32A24C1E10A009F1F2C /* Debug */,
				F7B6F32B24C1E10A009F1F2C /* Release */,
			);
			defaultConfigurationIsVisible = 0;
			defaultConfigurationName = Release;
		};
		F7B6F32C24C1E10A009F1F2C /* Build configuration list for PBXNativeTarget "movieEnjoy" */ = {
			isa = XCConfigurationList;
			buildConfigurations = (
				F7B6F32D24C1E10A009F1F2C /* Debug */,
				F7B6F32E24C1E10A009F1F2C /* Release */,
			);
			defaultConfigurationIsVisible = 0;
			defaultConfigurationName = Release;
		};
/* End XCConfigurationList section */

/* Begin XCVersionGroup section */
		F7B6F32124C1E108009F1F2C /* movieEnjoy.xcdatamodeld */ = {
			isa = XCVersionGroup;
			children = (
				F7B6F32224C1E108009F1F2C /* movieEnjoy.xcdatamodel */,
			);
			currentVersion = F7B6F32224C1E108009F1F2C /* movieEnjoy.xcdatamodel */;
			path = movieEnjoy.xcdatamodeld;
			sourceTree = "<group>";
			versionGroupType = wrapper.xcdatamodel;
		};
/* End XCVersionGroup section */
	};
	rootObject = F7B6F30D24C1E108009F1F2C /* Project object */;
}
